
Microsoft Visual Studio Solution File, Format Version 12.00
# Visual Studio Version 17
VisualStudioVersion = 17.0.32014.148
MinimumVisualStudioVersion = 10.0.40219.1
Project("{FAE04EC0-301F-11D3-BF4B-00C04F79EFBC}") = "Deshret", "Deshret\Deshret.csproj", "{15E7839B-B69F-40E5-85D7-271241BDB326}"
EndProject
Global
	GlobalSection(SolutionConfigurationPlatforms) = preSolution
		Debug|Any CPU = Debug|Any CPU
		Release|Any CPU = Release|Any CPU
	EndGlobalSection
	GlobalSection(ProjectConfigurationPlatforms) = postSolution
		{15E7839B-B69F-40E5-85D7-271241BDB326}.Debug|Any CPU.ActiveCfg = Debug|Any CPU
		{15E7839B-B69F-40E5-85D7-271241BDB326}.Debug|Any CPU.Build.0 = Debug|Any CPU
		{15E7839B-B69F-40E5-85D7-271241BDB326}.Release|Any CPU.ActiveCfg = Release|Any CPU
		{15E7839B-B69F-40E5-85D7-271241BDB326}.Release|Any CPU.Build.0 = Release|Any CPU
	EndGlobalSection
	GlobalSection(SolutionProperties) = preSolution
		HideSolutionNode = FALSE
	EndGlobalSection
	GlobalSection(ExtensibilityGlobals) = postSolution
		SolutionGuid = {3DE26B7E-1BCF-4FB0-AA18-2ACFCD5E4D1E}
	EndGlobalSection
EndGlobal
